{
    "_meta": {
        "hash": {
            "sha256": "dae1390793764950eb42d5d2e749e660c6ee5ada7466805bf4d8b41c223600c2"
        },
        "host-environment-markers": {
            "implementation_name": "cpython",
            "implementation_version": "3.6.3",
            "os_name": "posix",
            "platform_machine": "x86_64",
            "platform_python_implementation": "CPython",
            "platform_release": "4.4.0-43-Microsoft",
            "platform_system": "Linux",
            "platform_version": "#1-Microsoft Wed Dec 31 14:42:53 PST 2014",
            "python_full_version": "3.6.3",
            "python_version": "3.6",
            "sys_platform": "linux"
        },
        "pipfile-spec": 6,
        "requires": {
            "python_version": "3.6"
        },
        "sources": [
            {
                "name": "pypi",
                "url": "https://pypi.python.org/simple",
                "verify_ssl": true
            }
        ]
    },
    "default": {
        "aiofiles": {
            "hashes": [
                "sha256:25c66ea3872d05d53292a6b3f7fa0f86691512076446d83a505d227b5e76f668",
                "sha256:852a493a877b73e11823bfd4e8e5ef2610d70d12c9eaed961bcd9124d8de8c10"
            ],
            "version": "==0.3.2"
        },
        "aiohttp": {
            "hashes": [
                "sha256:6fbafb8883fd943c253b17416cf564a82fd71f161ff700383b09879ba3cce622",
                "sha256:588fb25786bb006166f35e75e7dcfb096278f99f458c3e09400ed42f021a2c09",
                "sha256:22599849201671588ad62d536591e95d4052806c7c14d7c9ab7a23b2e8bc071f",
                "sha256:07446d6bb192a0fb42ab6204f34741cb269714abce64643cf649efd543e12960",
                "sha256:cbfe5c509aaa2eff789c4fee436e3c1920a94392b60f2e80c74af762c7479b07",
                "sha256:0580759823133cd4656a76239328363a8c12be26e9579ed75691b5aa46c61dc2",
                "sha256:83bc52dae14d43db1bfad1c1e1d47eab2d096fef0b5008850e30a71b736e8f40",
                "sha256:df827287fa962de0b3bbe8ea74fa3aa440dd7e1625743b247c0eaf9b9be3d647",
                "sha256:689c30f5de00798ce412b8624fe9fd243c1689a50b614a5b9ffa31dba87aa7e9",
                "sha256:e0aff15e4fa97c249290dc5fe8d784eeedf3f04a94a0125e6ca61dc14f8096a4",
                "sha256:59945743837ced78e3354e443718db2fd99ff0b7e0269f324ef9a3c942121352",
                "sha256:5507e614110a1a4ebed82d389ea50c2b4d98b24ec6b500503533081cf1892462",
                "sha256:d551a3ec5aee881677bf952f5e4ae75146f9bd71bbeae06c814ca00fb1cd2f41",
                "sha256:03848a3961fe7a5ba32fa9f40cfd5ecf139d6e85b59868412fed47d5835f098c",
                "sha256:764426debf452eb0a479717d68abbc88d0a707da58761784d4b532afd518027c",
                "sha256:0543261f22b7e635abeba354c9f975f877d471615b4e42c730d6894ddf008bf2",
                "sha256:df52fc09085f4a7b0952a8f2aef3aa0b15a16dd789e0bce8703043fdbd038f9d",
                "sha256:315c2e0dd2ef657b9142cb00cb77ff240192ce0b2e45e1b6e8f3a1d0dae24b66",
                "sha256:ba2b7d24425fe519f0fb6c9a11e192c47993e5a30943247b45d73f79764f1667",
                "sha256:52086829c4d7d6aac0a98455489c42296435d9ac1b607e27a4fbb1490a012a20",
                "sha256:4a7d2221e6d3a8bb8d510e6aa254fd8e165efecc42af5b699e1492ed9cad51e7",
                "sha256:044e4d610a5ab6bd46a04f431f000d0b5074f1aa38df5e326cff031635af6ad7"
            ],
            "version": "==2.3.5"
        },
        "async-timeout": {
            "hashes": [
                "sha256:d3a195a827b0f4068d1616ae2da04aac62e365d14f2b13dbc071f9feed9db4e2",
                "sha256:c17d8ac2d735d59aa62737d76f2787a6c938f5a944ecf768a8c0ab70b0dea566"
            ],
            "version": "==2.0.0"
        },
        "chardet": {
            "hashes": [
                "sha256:fc323ffcaeaed0e0a02bf4d117757b98aed530d9ed4531e3e15460124c106691",
                "sha256:84ab92ed1c4d4f16916e05906b6b75a6c0fb5db821cc65e70cbd64a3e2a5eaae"
            ],
            "version": "==3.0.4"
        },
        "multidict": {
            "hashes": [
                "sha256:d12dfcff45b5c0eb3d586289cbf928012e75f93f10f4b9d7af903acb07b3c226",
                "sha256:f7deb65a184cbe757faaf4c6d2b8f203cb1a11dd44603a34d7befc343253d5bf",
                "sha256:80ad69b8330135b52a6da7a1f0ab6a278025bb72ea08768966785c829f515a6f",
                "sha256:3261b631cd6d079e6a20def3306b433794f800ea896dce4f1d5e833ad9bf6f26",
                "sha256:80e2bd17ea98fe77867771e1ee03433a54fa492a8413966a6caa766bdd6d6e62",
                "sha256:8eb59892040198741944eafca0c34be4da6b58be7fddf6e491a2d9e7e1767548",
                "sha256:24ec0d645ca70981e1c84e97e48c874b47f4970a173c8c751be9c213a8658e40",
                "sha256:167558cfb7c43077b3d8602142109f2b52fae0841a7ff97eb0a7443db199f303",
                "sha256:80abc93d197e24fb7c5aa5a8be3eacbcbc7115a2ff64e46162a4c2b46cd2f75a",
                "sha256:ff2b92a41df2e4c5cafaefb782469f3e6053ed00026d75a398521096192d0408",
                "sha256:5cfb63f0ddfa86ce6e80eee64e4fe886f9dfdb6dbbd724997bccb66513b0e29f",
                "sha256:50dac1151e34974b04419073ee9726f4180c6daf3454fd4af258824a19ad8c1d",
                "sha256:ebf1ba2af62dbaa37cf3db346830bb43d40d05a5f1f1966888a620f9b795e7c7",
                "sha256:3f513f3bf933d7cb6f5741f6676d4fac1e96aa634161c071974f9bb86a7bbac9",
                "sha256:ef6dc6e2d51b6058aa62cdd44dbf02c250c19eee6ff0065babc0ac126b068d43",
                "sha256:90dc3b8fefc58a865d64957f8f901d724250ba2a40e02f49d0df0103e96f5afa",
                "sha256:70630854b820d73ae102440123df38c983d77cd4ae444f3930a6bb6bbda87b76",
                "sha256:faf2b6447521d2075d03fb5e7c5467bac68f67df1c69e034ebca3afb6b3c619d",
                "sha256:eb7d5d39463137726138fc14c8458131136b8f4b06ba65f1cecd7aa6abe91df1",
                "sha256:fa04df1503fae7045883c57db47ba0c07de2ebe4a91c3e64d56f20d3d99e5dc8",
                "sha256:bce16633f3ee88863e4c9bcd7e037a6133c56fd9e7e7c0776bbaeeddcf154ac4",
                "sha256:f82e61c7408ed0dce1862100db55595481911f159d6ddec0b375d35b6449509b"
            ],
            "version": "==3.3.2"
        },
        "yarl": {
            "hashes": [
                "sha256:bd2155dc2fec1c4703404387376863fd13cf5e080950b2ad2aa1145bcd65aa6a",
                "sha256:a4fa02a86aa753a7ae08525c76a5ea099fe246ec645b252a353c4e5c4e38fae5",
                "sha256:a2f7dbbfa3f360adced0116e600e24b0fbef4ff1a11235309818ac8c2aabddac",
                "sha256:e0157aca55a555bff824c2dc2d30c2a8adfa768e0ca8168f2b614920475522a0",
                "sha256:b2df0dd3db8b39a51e5a7856a3969166a140f7f316e05deea0c696f58a4472da",
                "sha256:fc5598d6bde4a2333109e9b90d246a61ef4a73e201329de0f0bcd7271d71b2dc",
                "sha256:366c2021db3ed548c4cebb2e1ff7cd7e22975e3bf31519464c11c257e80e056f",
                "sha256:58aba6b30e015f2731847eb608d0c38435a26a7c7eb8ca4111a39bd36b393bd0",
                "sha256:5bd238a100be1438a3797fe2e793001b641adcd239b033d73e680bd5d7e07520",
                "sha256:aac9baad9bc9a428d3abc1737862b2bfe818a6a3ccc6b8341dc62eb3b7f2b134",
                "sha256:2aa32de85de42407c1c949c5c0b998d3805ffd4531a9a3b2dc81c5b6a8174b91",
                "sha256:aa9db9e3bf718ea0c0905fa8076e07486b3357688181cb430674bf26f2ce0acd",
                "sha256:06b3a0d00aebf64b269a3410ec079386f5091e7603796da6644dff08f427737a"
            ],
            "version": "==0.15.0"
        }
    },
    "develop": {
        "pudb": {
            "hashes": [
                "sha256:aac8cb5008402e0189055f0288d9379c855c8506ab70f4c47cc7459925fa348a"
            ],
            "version": "==2017.1.4"
        },
        "pygments": {
            "hashes": [
                "sha256:78f3f434bcc5d6ee09020f92ba487f95ba50f1e3ef83ae96b9d5ffa1bab25c5d",
                "sha256:dbae1046def0efb574852fab9e90209b23f556367b5a320c0bcb871c77c3e8cc"
            ],
            "version": "==2.2.0"
        },
        "urwid": {
            "hashes": [
                "sha256:cfcec03e36de25a1073e2e35c2c7b0cc6969b85745715c3a025a31d9786896a1"
            ],
            "version": "==1.3.1"
        }
    }
}
