{
    "_meta": {
        "hash": {
            "sha256": "dae1390793764950eb42d5d2e749e660c6ee5ada7466805bf4d8b41c223600c2"
        },
        "host-environment-markers": {
            "implementation_name": "cpython",
            "implementation_version": "3.6.3",
            "os_name": "posix",
            "platform_machine": "x86_64",
            "platform_python_implementation": "CPython",
            "platform_release": "4.4.0-43-Microsoft",
            "platform_system": "Linux",
            "platform_version": "#1-Microsoft Wed Dec 31 14:42:53 PST 2014",
            "python_full_version": "3.6.3",
            "python_version": "3.6",
            "sys_platform": "linux"
        },
        "pipfile-spec": 6,
        "requires": {
            "python_version": "3.6"
        },
        "sources": [
            {
                "name": "pypi",
                "url": "https://pypi.python.org/simple",
                "verify_ssl": true
            }
        ]
    },
    "default": {
        "aiofiles": {
            "hashes": [
                "sha256:25c66ea3872d05d53292a6b3f7fa0f86691512076446d83a505d227b5e76f668",
                "sha256:852a493a877b73e11823bfd4e8e5ef2610d70d12c9eaed961bcd9124d8de8c10"
            ],
            "version": "==0.3.2"
        },
        "aiohttp": {
            "hashes": [
                "sha256:99198987eb69830dada2d432fd38e4dda7d05c71cfb727728773390ed6ed45fc",
                "sha256:280ff6e9f2164a75e82cc3705836e163a99dd1a968ba6b49e6971c5d9b160190",
                "sha256:cb824565a83935009ab3d4290d8b621b00fd5256d6c45b071e2ac086eb3c6e52",
                "sha256:167fc05218483c7b4ea98f6b4082cbf841fea210a97cfd7752e9869750ca83ae",
                "sha256:042e2156d140b2e951cc51219243228982b2ef2ac10177cd174baefca4eaacba",
                "sha256:ba2cfa40cc827841bc37446a4e8abd27288ec34f900aa692fd68658bc6b67095",
                "sha256:5c99ef52d98d7ed057b6598159b863f034d7e123334df4800a968c274f42bcfa",
                "sha256:6e6c5107ddee197cc5dcb96edc986b45d75692452ac556cdeecd9ef95b51e4b9",
                "sha256:a6b263a28c1359fb8a421a43c798ad31a528eb7a00e9f001dec51c5f20316ef3",
                "sha256:86f5a668d4189efcbe80ed94525f49a3277a80454db99b861f7cd14a34509423",
                "sha256:de827b536bcff600ad64b4c45b986978c36f6d35ffae7074e42424cc94df0bf3",
                "sha256:286adb3d77ef5d4bb580a06f8c36e8875a13df80aa453d2d7505a10620c44d9b",
                "sha256:2447ebc86510e79e47470190280debd80253bbe6a555e6f148f7a2fde8200e8e",
                "sha256:c52e2488a39543a7994b010751a92f6f1b94673ee678583b9859be796aa791c6",
                "sha256:bc872df10b5d572f0c8dbe908a838eb7bae43f90fd1ec10a449cb4e81fdb7415",
                "sha256:b951fbbbe0be12a7394bb2f09c7b4676ab800d467643c23eac7a02f7fb1678c8",
                "sha256:5229cf46f013f927149790d7eb5c8debc7474209e08144df63a57581233dd161",
                "sha256:609610a7565861bef2c45e479bef538f05f6b443ae7eedcb4009df0ae6654bd8",
                "sha256:b7ef2701aa28f453594102a2644b2a0821dce408678e07de84f4a2f036f85c43"
            ],
            "version": "==2.3.4"
        },
        "async-timeout": {
            "hashes": [
                "sha256:d3a195a827b0f4068d1616ae2da04aac62e365d14f2b13dbc071f9feed9db4e2",
                "sha256:c17d8ac2d735d59aa62737d76f2787a6c938f5a944ecf768a8c0ab70b0dea566"
            ],
            "version": "==2.0.0"
        },
        "chardet": {
            "hashes": [
                "sha256:fc323ffcaeaed0e0a02bf4d117757b98aed530d9ed4531e3e15460124c106691",
                "sha256:84ab92ed1c4d4f16916e05906b6b75a6c0fb5db821cc65e70cbd64a3e2a5eaae"
            ],
            "version": "==3.0.4"
        },
        "multidict": {
            "hashes": [
                "sha256:d12dfcff45b5c0eb3d586289cbf928012e75f93f10f4b9d7af903acb07b3c226",
                "sha256:f7deb65a184cbe757faaf4c6d2b8f203cb1a11dd44603a34d7befc343253d5bf",
                "sha256:80ad69b8330135b52a6da7a1f0ab6a278025bb72ea08768966785c829f515a6f",
                "sha256:3261b631cd6d079e6a20def3306b433794f800ea896dce4f1d5e833ad9bf6f26",
                "sha256:80e2bd17ea98fe77867771e1ee03433a54fa492a8413966a6caa766bdd6d6e62",
                "sha256:8eb59892040198741944eafca0c34be4da6b58be7fddf6e491a2d9e7e1767548",
                "sha256:24ec0d645ca70981e1c84e97e48c874b47f4970a173c8c751be9c213a8658e40",
                "sha256:167558cfb7c43077b3d8602142109f2b52fae0841a7ff97eb0a7443db199f303",
                "sha256:80abc93d197e24fb7c5aa5a8be3eacbcbc7115a2ff64e46162a4c2b46cd2f75a",
                "sha256:ff2b92a41df2e4c5cafaefb782469f3e6053ed00026d75a398521096192d0408",
                "sha256:5cfb63f0ddfa86ce6e80eee64e4fe886f9dfdb6dbbd724997bccb66513b0e29f",
                "sha256:50dac1151e34974b04419073ee9726f4180c6daf3454fd4af258824a19ad8c1d",
                "sha256:ebf1ba2af62dbaa37cf3db346830bb43d40d05a5f1f1966888a620f9b795e7c7",
                "sha256:3f513f3bf933d7cb6f5741f6676d4fac1e96aa634161c071974f9bb86a7bbac9",
                "sha256:ef6dc6e2d51b6058aa62cdd44dbf02c250c19eee6ff0065babc0ac126b068d43",
                "sha256:90dc3b8fefc58a865d64957f8f901d724250ba2a40e02f49d0df0103e96f5afa",
                "sha256:70630854b820d73ae102440123df38c983d77cd4ae444f3930a6bb6bbda87b76",
                "sha256:faf2b6447521d2075d03fb5e7c5467bac68f67df1c69e034ebca3afb6b3c619d",
                "sha256:eb7d5d39463137726138fc14c8458131136b8f4b06ba65f1cecd7aa6abe91df1",
                "sha256:fa04df1503fae7045883c57db47ba0c07de2ebe4a91c3e64d56f20d3d99e5dc8",
                "sha256:bce16633f3ee88863e4c9bcd7e037a6133c56fd9e7e7c0776bbaeeddcf154ac4",
                "sha256:f82e61c7408ed0dce1862100db55595481911f159d6ddec0b375d35b6449509b"
            ],
            "version": "==3.3.2"
        },
        "yarl": {
            "hashes": [
                "sha256:bd2155dc2fec1c4703404387376863fd13cf5e080950b2ad2aa1145bcd65aa6a",
                "sha256:a4fa02a86aa753a7ae08525c76a5ea099fe246ec645b252a353c4e5c4e38fae5",
                "sha256:a2f7dbbfa3f360adced0116e600e24b0fbef4ff1a11235309818ac8c2aabddac",
                "sha256:e0157aca55a555bff824c2dc2d30c2a8adfa768e0ca8168f2b614920475522a0",
                "sha256:b2df0dd3db8b39a51e5a7856a3969166a140f7f316e05deea0c696f58a4472da",
                "sha256:fc5598d6bde4a2333109e9b90d246a61ef4a73e201329de0f0bcd7271d71b2dc",
                "sha256:366c2021db3ed548c4cebb2e1ff7cd7e22975e3bf31519464c11c257e80e056f",
                "sha256:58aba6b30e015f2731847eb608d0c38435a26a7c7eb8ca4111a39bd36b393bd0",
                "sha256:5bd238a100be1438a3797fe2e793001b641adcd239b033d73e680bd5d7e07520",
                "sha256:aac9baad9bc9a428d3abc1737862b2bfe818a6a3ccc6b8341dc62eb3b7f2b134",
                "sha256:2aa32de85de42407c1c949c5c0b998d3805ffd4531a9a3b2dc81c5b6a8174b91",
                "sha256:aa9db9e3bf718ea0c0905fa8076e07486b3357688181cb430674bf26f2ce0acd",
                "sha256:06b3a0d00aebf64b269a3410ec079386f5091e7603796da6644dff08f427737a"
            ],
            "version": "==0.15.0"
        }
    },
    "develop": {
        "pudb": {
            "hashes": [
                "sha256:aac8cb5008402e0189055f0288d9379c855c8506ab70f4c47cc7459925fa348a"
            ],
            "version": "==2017.1.4"
        },
        "pygments": {
            "hashes": [
                "sha256:78f3f434bcc5d6ee09020f92ba487f95ba50f1e3ef83ae96b9d5ffa1bab25c5d",
                "sha256:dbae1046def0efb574852fab9e90209b23f556367b5a320c0bcb871c77c3e8cc"
            ],
            "version": "==2.2.0"
        },
        "urwid": {
            "hashes": [
                "sha256:cfcec03e36de25a1073e2e35c2c7b0cc6969b85745715c3a025a31d9786896a1"
            ],
            "version": "==1.3.1"
        }
    }
}
